
Microsoft Visual Studio Solution File, Format Version 12.00
# Visual Studio 14
VisualStudioVersion = 14.0.25123.0
MinimumVisualStudioVersion = 10.0.40219.1
Project("{FAE04EC0-301F-11D3-BF4B-00C04F79EFBC}") = "SolarSystem", "SolarSystem.csproj", "{2F30E9AF-8256-40AF-B356-EA14E55CE9D7}"
EndProject
Project("{2150E333-8FDC-42A3-9474-1A3956D46DE8}") = "Comparisons", "Comparisons", "{193AC30D-753A-41DD-B6FF-7D8AF8307D63}"
EndProject
Project("{FAE04EC0-301F-11D3-BF4B-00C04F79EFBC}") = "SimpleMath", "SimpleMath\SimpleMath.csproj", "{0F9ABBA3-7A2F-4224-BAEB-F459E5E668B7}"
EndProject
Project("{FAE04EC0-301F-11D3-BF4B-00C04F79EFBC}") = "AdvancedMath", "AdvancedMath\AdvancedMath.csproj", "{EF6EDFED-4D9E-469E-A2F6-B9505FED9F3B}"
EndProject
Global
	GlobalSection(SolutionConfigurationPlatforms) = preSolution
		Debug|Any CPU = Debug|Any CPU
		Release|Any CPU = Release|Any CPU
	EndGlobalSection
	GlobalSection(ProjectConfigurationPlatforms) = postSolution
		{2F30E9AF-8256-40AF-B356-EA14E55CE9D7}.Debug|Any CPU.ActiveCfg = Debug|Any CPU
		{2F30E9AF-8256-40AF-B356-EA14E55CE9D7}.Debug|Any CPU.Build.0 = Debug|Any CPU
		{2F30E9AF-8256-40AF-B356-EA14E55CE9D7}.Release|Any CPU.ActiveCfg = Release|Any CPU
		{2F30E9AF-8256-40AF-B356-EA14E55CE9D7}.Release|Any CPU.Build.0 = Release|Any CPU
		{0F9ABBA3-7A2F-4224-BAEB-F459E5E668B7}.Debug|Any CPU.ActiveCfg = Debug|Any CPU
		{0F9ABBA3-7A2F-4224-BAEB-F459E5E668B7}.Debug|Any CPU.Build.0 = Debug|Any CPU
		{0F9ABBA3-7A2F-4224-BAEB-F459E5E668B7}.Release|Any CPU.ActiveCfg = Release|Any CPU
		{0F9ABBA3-7A2F-4224-BAEB-F459E5E668B7}.Release|Any CPU.Build.0 = Release|Any CPU
		{EF6EDFED-4D9E-469E-A2F6-B9505FED9F3B}.Debug|Any CPU.ActiveCfg = Debug|Any CPU
		{EF6EDFED-4D9E-469E-A2F6-B9505FED9F3B}.Debug|Any CPU.Build.0 = Debug|Any CPU
		{EF6EDFED-4D9E-469E-A2F6-B9505FED9F3B}.Release|Any CPU.ActiveCfg = Release|Any CPU
		{EF6EDFED-4D9E-469E-A2F6-B9505FED9F3B}.Release|Any CPU.Build.0 = Release|Any CPU
	EndGlobalSection
	GlobalSection(SolutionProperties) = preSolution
		HideSolutionNode = FALSE
	EndGlobalSection
	GlobalSection(NestedProjects) = preSolution
		{0F9ABBA3-7A2F-4224-BAEB-F459E5E668B7} = {193AC30D-753A-41DD-B6FF-7D8AF8307D63}
		{EF6EDFED-4D9E-469E-A2F6-B9505FED9F3B} = {193AC30D-753A-41DD-B6FF-7D8AF8307D63}
	EndGlobalSection
EndGlobal
