
Microsoft Visual Studio Solution File, Format Version 12.00
# Visual Studio 2013
VisualStudioVersion = 12.0.31101.0
MinimumVisualStudioVersion = 10.0.40219.1
Project("{FAE04EC0-301F-11D3-BF4B-00C04F79EFBC}") = "Poker", "Poker\Poker.csproj", "{9FC74E1D-4ECA-4C4A-83C4-B5CA14658FEA}"
EndProject
Project("{FAE04EC0-301F-11D3-BF4B-00C04F79EFBC}") = "Poker.Test", "Poker.Test\Poker.Test.csproj", "{07C3D750-94C2-434C-B422-BEF63810B86C}"
EndProject
Global
	GlobalSection(SolutionConfigurationPlatforms) = preSolution
		Debug|Any CPU = Debug|Any CPU
		Release|Any CPU = Release|Any CPU
	EndGlobalSection
	GlobalSection(ProjectConfigurationPlatforms) = postSolution
		{9FC74E1D-4ECA-4C4A-83C4-B5CA14658FEA}.Debug|Any CPU.ActiveCfg = Debug|Any CPU
		{9FC74E1D-4ECA-4C4A-83C4-B5CA14658FEA}.Debug|Any CPU.Build.0 = Debug|Any CPU
		{9FC74E1D-4ECA-4C4A-83C4-B5CA14658FEA}.Release|Any CPU.ActiveCfg = Release|Any CPU
		{9FC74E1D-4ECA-4C4A-83C4-B5CA14658FEA}.Release|Any CPU.Build.0 = Release|Any CPU
		{07C3D750-94C2-434C-B422-BEF63810B86C}.Debug|Any CPU.ActiveCfg = Debug|Any CPU
		{07C3D750-94C2-434C-B422-BEF63810B86C}.Debug|Any CPU.Build.0 = Debug|Any CPU
		{07C3D750-94C2-434C-B422-BEF63810B86C}.Release|Any CPU.ActiveCfg = Release|Any CPU
		{07C3D750-94C2-434C-B422-BEF63810B86C}.Release|Any CPU.Build.0 = Release|Any CPU
	EndGlobalSection
	GlobalSection(SolutionProperties) = preSolution
		HideSolutionNode = FALSE
	EndGlobalSection
EndGlobal
